# THIS IS AN AUTOGENERATED FILE. DO NOT EDIT THIS FILE DIRECTLY.
# yarn lockfile v1


"@types/node@^14.0.14":
  version "14.14.8"
  resolved "https://registry.yarnpkg.com/@types/node/-/node-14.14.8.tgz#2127bd81949a95c8b7d3240f3254352d72563aec"
  integrity sha512-z/5Yd59dCKI5kbxauAJgw6dLPzW+TNOItNE00PkpzNwUIEwdj/Lsqwq94H5DdYBX7C13aRA0CY32BK76+neEUA==

"File@>= 0.10.0", File@^0.10.2:
  version "0.10.2"
  resolved "https://registry.yarnpkg.com/File/-/File-0.10.2.tgz#e899f776d273e2243ba86105bb3b056d0fb95604"
  integrity sha1-6Jn3dtJz4iQ7qGEFuzsFbQ+5VgQ=
  dependencies:
    mime ">= 0.0.0"

"FileList@>= 0.10.0", FileList@^0.10.2:
  version "0.10.2"
  resolved "https://registry.yarnpkg.com/FileList/-/FileList-0.10.2.tgz#6003b1a9715934164b67c434ad6a8741a1cd147a"
  integrity sha1-YAOxqXFZNBZLZ8Q0rWqHQaHNFHo=

arg@^4.1.0:
  version "4.1.3"
  resolved "https://registry.yarnpkg.com/arg/-/arg-4.1.3.tgz#269fc7ad5b8e42cb63c896d5666017261c144089"
  integrity sha512-58S9QDqG0Xx27YwPSt9fJxivjYl432YCwfDMfZ+71RAqUrZef7LrKQZ3LHLOwCS4FLNBplP533Zx895SeOCHvA==

buffer-from@^1.0.0:
  version "1.1.1"
  resolved "https://registry.yarnpkg.com/buffer-from/-/buffer-from-1.1.1.tgz#32713bc028f75c02fdb710d7c7bcec1f2c6070ef"
  integrity sha512-MQcXEUbCKtEo7bhqEs6560Hyd4XaovZlO/k9V3hjVUF/zwW7KBVdSK4gIt/bzwS9MbR5qob+F5jusZsb0YQK2A==

"bufferjs@> 0.2.0":
  version "3.0.1"
  resolved "https://registry.yarnpkg.com/bufferjs/-/bufferjs-3.0.1.tgz#0692e829cb10a10550e647390b035eb06c38e8ef"
  integrity sha1-BpLoKcsQoQVQ5kc5CwNesGw46O8=

bufferjs@^2.0.0:
  version "2.0.0"
  resolved "https://registry.yarnpkg.com/bufferjs/-/bufferjs-2.0.0.tgz#685e71ed5c0600e3d703ff9bd012bb3270a39e28"
  integrity sha1-aF5x7VwGAOPXA/+b0BK7MnCjnig=

cross-fetch@^3.0.0:
  version "3.0.6"
  resolved "https://registry.yarnpkg.com/cross-fetch/-/cross-fetch-3.0.6.tgz#3a4040bc8941e653e0e9cf17f29ebcd177d3365c"
  integrity sha512-KBPUbqgFjzWlVcURG+Svp9TlhA5uliYtiNx/0r8nv0pdypeQCRJ9IaSIc3q/x3q8t3F75cHuwxVql1HFGHCNJQ==
  dependencies:
    node-fetch "2.6.1"

diff@^4.0.1:
  version "4.0.2"
  resolved "https://registry.yarnpkg.com/diff/-/diff-4.0.2.tgz#60f3aecb89d5fae520c11aa19efc2bb982aade7d"
  integrity sha512-58lmxKSA4BNyLz+HHMUzlOEpg09FV+ev6ZMe3vJihgdxzgcwZ8VoEEPmALCZG9LmqfVoNMMKpttIYTVG6uDY7A==

entities@^2.0.3:
  version "2.1.0"
  resolved "https://registry.yarnpkg.com/entities/-/entities-2.1.0.tgz#992d3129cf7df6870b96c57858c249a120f8b8b5"
  integrity sha512-hCx1oky9PFrJ611mf0ifBLBRW8lUUVRlFolb5gWRfIELabBlbp9xZvrqZLZAs+NxFnbfQoeGd8wDkygjg7U85w==

file-api@^0.10.4:
  version "0.10.4"
  resolved "https://registry.yarnpkg.com/file-api/-/file-api-0.10.4.tgz#2f101226db727cc0172a0dd688f2f6883d52883d"
  integrity sha1-LxASJttyfMAXKg3WiPL2iD1SiD0=
  dependencies:
    File ">= 0.10.0"
    FileList ">= 0.10.0"
    bufferjs "> 0.2.0"
    file-error ">= 0.10.0"
    filereader ">= 0.10.3"
    formdata ">= 0.10.0"
    mime ">= 1.2.11"
    remedial ">= 1.0.7"

"file-error@>= 0.10.0":
  version "0.10.2"
  resolved "https://registry.yarnpkg.com/file-error/-/file-error-0.10.2.tgz#963b48b9273b3d4b84b400ee571bc78b1739724a"
  integrity sha1-ljtIuSc7PUuEtADuVxvHixc5cko=

"filereader@>= 0.10.3", filereader@^0.10.3:
  version "0.10.3"
  resolved "https://registry.yarnpkg.com/filereader/-/filereader-0.10.3.tgz#c747d4a2cd8f61e5418a7c07fe1257a43f0acdb1"
  integrity sha1-x0fUos2PYeVBinwH/hJXpD8KzbE=

foreachasync@^3.0.0:
  version "3.0.0"
  resolved "https://registry.yarnpkg.com/foreachasync/-/foreachasync-3.0.0.tgz#5502987dc8714be3392097f32e0071c9dee07cf6"
  integrity sha1-VQKYfchxS+M5IJfzLgBxyd7gfPY=

"formdata@>= 0.10.0":
  version "0.10.4"
  resolved "https://registry.yarnpkg.com/formdata/-/formdata-0.10.4.tgz#9621fdc0cc361f4a0111de5d25b35f6a78dc55a0"
  integrity sha1-liH9wMw2H0oBEd5dJbNfanjcVaA=
  dependencies:
    File "^0.10.2"
    FileList "^0.10.2"
    bufferjs "^2.0.0"
    filereader "^0.10.3"
    foreachasync "^3.0.0"
    remedial "^1.0.7"

make-error@^1.1.1:
  version "1.3.6"
  resolved "https://registry.yarnpkg.com/make-error/-/make-error-1.3.6.tgz#2eb2e37ea9b67c4891f684a1394799af484cf7a2"
  integrity sha512-s8UhlNe7vPKomQhC1qFelMokr/Sc3AgNbso3n74mVPA5LTZwkB9NlXf4XPamLxJE8h0gh73rM94xvwRT2CVInw==

"mime@>= 0.0.0", "mime@>= 1.2.11":
  version "2.4.6"
  resolved "https://registry.yarnpkg.com/mime/-/mime-2.4.6.tgz#e5b407c90db442f2beb5b162373d07b69affa4d1"
  integrity sha512-RZKhC3EmpBchfTGBVb8fb+RL2cWyw/32lshnsETttkBAyAUXSGHxbEJWWRXc751DrIxG1q04b8QwMbAwkRPpUA==

node-fetch@2.6.1, node-fetch@^2.6.1:
  version "2.6.1"
  resolved "https://registry.yarnpkg.com/node-fetch/-/node-fetch-2.6.1.tgz#045bd323631f76ed2e2b55573394416b639a0052"
  integrity sha512-V4aYg89jEoVRxRb2fJdAg8FHvI7cEyYdVAh94HH0UIK8oJxUfkjlDQN9RbMx+bEjP7+ggMiFRprSti032Oipxw==

oauth-1.0a@^2.2.4:
  version "2.2.6"
  resolved "https://registry.yarnpkg.com/oauth-1.0a/-/oauth-1.0a-2.2.6.tgz#eadbccdb3bceea412d24586e6f39b2b412f0e491"
  integrity sha512-6bkxv3N4Gu5lty4viIcIAnq5GbxECviMBeKR3WX/q87SPQ8E8aursPZUtsXDnxCs787af09WPRBLqYrf/lwoYQ==

"remedial@>= 1.0.7", remedial@^1.0.7:
  version "1.0.8"
  resolved "https://registry.yarnpkg.com/remedial/-/remedial-1.0.8.tgz#a5e4fd52a0e4956adbaf62da63a5a46a78c578a0"
  integrity sha512-/62tYiOe6DzS5BqVsNpH/nkGlX45C/Sp6V+NtiN6JQNS1Viay7cWkazmRkrQrdFj2eshDe96SIQNIoMxqhzBOg==

rss-parser@^3.8.0:
  version "3.9.0"
  resolved "https://registry.yarnpkg.com/rss-parser/-/rss-parser-3.9.0.tgz#469a1201619d155e902b073c4f495c589943085a"
  integrity sha512-wlRSfGrotOXuWo19Dtl2KmQt7o9i5zzCExUrxpechE0O54BAx7JD+xhWyGumPPqiJj771ndflV3sE3bTHen0HQ==
  dependencies:
    entities "^2.0.3"
    xml2js "^0.4.19"

sax@>=0.6.0:
  version "1.2.4"
  resolved "https://registry.yarnpkg.com/sax/-/sax-1.2.4.tgz#2816234e2378bddc4e5354fab5caa895df7100d9"
  integrity sha512-NqVDv9TpANUjFm0N8uM5GxL36UgKi9/atZw+x7YFnQ8ckwFGKrl4xX4yWtrey3UJm5nP1kUbnYgLopqWNSRhWw==

source-map-support@^0.5.17:
  version "0.5.19"
  resolved "https://registry.yarnpkg.com/source-map-support/-/source-map-support-0.5.19.tgz#a98b62f86dcaf4f67399648c085291ab9e8fed61"
  integrity sha512-Wonm7zOCIJzBGQdB+thsPar0kYuCIzYvxZwlBa87yi/Mdjv7Tip2cyVbLj5o0cFPN4EVkuTwb3GDDyUx2DGnGw==
  dependencies:
    buffer-from "^1.0.0"
    source-map "^0.6.0"

source-map@^0.6.0:
  version "0.6.1"
  resolved "https://registry.yarnpkg.com/source-map/-/source-map-0.6.1.tgz#74722af32e9614e9c287a8d0bbde48b5e2f1a263"
  integrity sha512-UjgapumWlbMhkBgzT7Ykc5YXUT46F0iKu8SGXq0bcwP5dz/h0Plj6enJqjz1Zbq2l5WaqYnrVbwWOWMyF3F47g==

ts-node@^8.10.2:
  version "8.10.2"
  resolved "https://registry.yarnpkg.com/ts-node/-/ts-node-8.10.2.tgz#eee03764633b1234ddd37f8db9ec10b75ec7fb8d"
  integrity sha512-ISJJGgkIpDdBhWVu3jufsWpK3Rzo7bdiIXJjQc0ynKxVOVcg2oIrf2H2cejminGrptVc6q6/uynAHNCuWGbpVA==
  dependencies:
    arg "^4.1.0"
    diff "^4.0.1"
    make-error "^1.1.1"
    source-map-support "^0.5.17"
    yn "3.1.1"

twitter-lite@^0.14.0:
  version "0.14.0"
  resolved "https://registry.yarnpkg.com/twitter-lite/-/twitter-lite-0.14.0.tgz#5ec32d31e693007572d060858f2746ac8aed1a7d"
  integrity sha512-AP7jnuEBIMA18fi3IDWT7fTOJVpZrl1ZwJKunGf2iknKv5BH4mpwBvJmu3RP59XHZFL3ckUcGGRw/INVRikBBg==
  dependencies:
    cross-fetch "^3.0.0"
    oauth-1.0a "^2.2.4"

typescript@^3.9.5:
  version "3.9.7"
  resolved "https://registry.yarnpkg.com/typescript/-/typescript-3.9.7.tgz#98d600a5ebdc38f40cb277522f12dc800e9e25fa"
  integrity sha512-BLbiRkiBzAwsjut4x/dsibSTB6yWpwT5qWmC2OfuCg3GgVQCSgMs4vEctYPhsaGtd0AeuuHMkjZ2h2WG8MSzRw==

xml2js@^0.4.19:
  version "0.4.23"
  resolved "https://registry.yarnpkg.com/xml2js/-/xml2js-0.4.23.tgz#a0c69516752421eb2ac758ee4d4ccf58843eac66"
  integrity sha512-ySPiMjM0+pLDftHgXY4By0uswI3SPKLDw/i3UXbnO8M/p28zqexCUoPmQFrYD+/1BzhGJSs2i1ERWKJAtiLrug==
  dependencies:
    sax ">=0.6.0"
    xmlbuilder "~11.0.0"

xmlbuilder@~11.0.0:
  version "11.0.1"
  resolved "https://registry.yarnpkg.com/xmlbuilder/-/xmlbuilder-11.0.1.tgz#be9bae1c8a046e76b31127726347d0ad7002beb3"
  integrity sha512-fDlsI/kFEx7gLvbecc0/ohLG50fugQp8ryHzMTuW9vSa1GJ0XYWKnhsUx7oie3G98+r56aTQIUB4kht42R3JvA==

yn@3.1.1:
  version "3.1.1"
  resolved "https://registry.yarnpkg.com/yn/-/yn-3.1.1.tgz#1e87401a09d767c1d5eab26a6e4c185182d2eb50"
  integrity sha512-Ux4ygGWsu2c7isFWe8Yu1YluJmqVhxqK2cLXNQA5AcC3QfbGNpM7fu0Y8b/z16pXLnFxZYvWhd3fhBY9DLmC6Q==
